# This file is automatically @generated by Cargo.
# It is not intended for manual editing.
version = 4

[[package]]
name = "assert-true"
version = "0.1.0"
source = "git+https://github.com/test-bin-rs/test-bin-rs.github.io?branch=assert-true#7d8fb68b0ab2833caa9ab7cc2255cf4d278a9b3e"

[[package]]
name = "test-bin"
version = "0.1.0"
dependencies = [
 "assert-true",
]
