# This file is automatically @generated by Cargo.
# It is not intended for manual editing.
version = 4

[[package]]
name = "assert-true"
version = "0.1.0"
source = "git+https://github.com/test-bin-rs/test-bin-rs.github.io?branch=assert-true#3b26a9ccbeabe4227c1423b6811705eaaf4f7d07"

[[package]]
name = "test-bin"
version = "0.1.0"
dependencies = [
 "assert-true",
]
